
Microsoft Visual Studio Solution File, Format Version 12.00
# Visual Studio Version 17
VisualStudioVersion = 17.9.34616.47
MinimumVisualStudioVersion = 10.0.40219.1
Project("{FAE04EC0-301F-11D3-BF4B-00C04F79EFBC}") = "Eagles Website", "Eagles Website.csproj", "{9F060FD4-F1F1-40FD-B6FF-6EE1A3F22D7F}"
EndProject
Global
	GlobalSection(SolutionConfigurationPlatforms) = preSolution
		Debug|Any CPU = Debug|Any CPU
		Release|Any CPU = Release|Any CPU
	EndGlobalSection
	GlobalSection(ProjectConfigurationPlatforms) = postSolution
		{9F060FD4-F1F1-40FD-B6FF-6EE1A3F22D7F}.Debug|Any CPU.ActiveCfg = Debug|Any CPU
		{9F060FD4-F1F1-40FD-B6FF-6EE1A3F22D7F}.Debug|Any CPU.Build.0 = Debug|Any CPU
		{9F060FD4-F1F1-40FD-B6FF-6EE1A3F22D7F}.Release|Any CPU.ActiveCfg = Release|Any CPU
		{9F060FD4-F1F1-40FD-B6FF-6EE1A3F22D7F}.Release|Any CPU.Build.0 = Release|Any CPU
	EndGlobalSection
	GlobalSection(SolutionProperties) = preSolution
		HideSolutionNode = FALSE
	EndGlobalSection
	GlobalSection(ExtensibilityGlobals) = postSolution
		SolutionGuid = {519DB215-A2A8-443E-9B4F-64D3F02395E0}
	EndGlobalSection
EndGlobal
